
Microsoft Visual Studio Solution File, Format Version 12.00
# Visual Studio 14
VisualStudioVersion = 14.0.25420.1
MinimumVisualStudioVersion = 10.0.40219.1
Project("{2150E333-8FDC-42A3-9474-1A3956D46DE8}") = "Students", "Students", "{BF3381BB-328A-45F1-B576-B2F8BCD9B803}"
	ProjectSection(SolutionItems) = preProject
		students.xml = students.xml
		students.xsd = students.xsd
		students.xslt = students.xslt
	EndProjectSection
EndProject
Global
	GlobalSection(SolutionProperties) = preSolution
		HideSolutionNode = FALSE
	EndGlobalSection
EndGlobal
