
Microsoft Visual Studio Solution File, Format Version 12.00
# Visual Studio 2013
VisualStudioVersion = 12.0.31101.0
MinimumVisualStudioVersion = 10.0.40219.1
Project("{FAE04EC0-301F-11D3-BF4B-00C04F79EFBC}") = "PetStore.Data", "PetStore.Data\PetStore.Data.csproj", "{4B670882-2405-4CA9-8B74-9C897EA241BA}"
EndProject
Project("{FAE04EC0-301F-11D3-BF4B-00C04F79EFBC}") = "PetStore.Importer", "PetStore.Importer\PetStore.Importer.csproj", "{D27D5383-A287-4548-AC1C-D7312F952AF0}"
EndProject
Project("{FAE04EC0-301F-11D3-BF4B-00C04F79EFBC}") = "PetStore.ConsoleClient", "PetStore.ConsoleClient\PetStore.ConsoleClient.csproj", "{B0275F9D-F02D-4EF5-87C0-9CD9E31EA7BB}"
EndProject
Global
	GlobalSection(SolutionConfigurationPlatforms) = preSolution
		Debug|Any CPU = Debug|Any CPU
		Release|Any CPU = Release|Any CPU
	EndGlobalSection
	GlobalSection(ProjectConfigurationPlatforms) = postSolution
		{4B670882-2405-4CA9-8B74-9C897EA241BA}.Debug|Any CPU.ActiveCfg = Debug|Any CPU
		{4B670882-2405-4CA9-8B74-9C897EA241BA}.Debug|Any CPU.Build.0 = Debug|Any CPU
		{4B670882-2405-4CA9-8B74-9C897EA241BA}.Release|Any CPU.ActiveCfg = Release|Any CPU
		{4B670882-2405-4CA9-8B74-9C897EA241BA}.Release|Any CPU.Build.0 = Release|Any CPU
		{D27D5383-A287-4548-AC1C-D7312F952AF0}.Debug|Any CPU.ActiveCfg = Debug|Any CPU
		{D27D5383-A287-4548-AC1C-D7312F952AF0}.Debug|Any CPU.Build.0 = Debug|Any CPU
		{D27D5383-A287-4548-AC1C-D7312F952AF0}.Release|Any CPU.ActiveCfg = Release|Any CPU
		{D27D5383-A287-4548-AC1C-D7312F952AF0}.Release|Any CPU.Build.0 = Release|Any CPU
		{B0275F9D-F02D-4EF5-87C0-9CD9E31EA7BB}.Debug|Any CPU.ActiveCfg = Debug|Any CPU
		{B0275F9D-F02D-4EF5-87C0-9CD9E31EA7BB}.Debug|Any CPU.Build.0 = Debug|Any CPU
		{B0275F9D-F02D-4EF5-87C0-9CD9E31EA7BB}.Release|Any CPU.ActiveCfg = Release|Any CPU
		{B0275F9D-F02D-4EF5-87C0-9CD9E31EA7BB}.Release|Any CPU.Build.0 = Release|Any CPU
	EndGlobalSection
	GlobalSection(SolutionProperties) = preSolution
		HideSolutionNode = FALSE
	EndGlobalSection
EndGlobal
