
Microsoft Visual Studio Solution File, Format Version 12.00
# Visual Studio 14
VisualStudioVersion = 14.0.25420.1
MinimumVisualStudioVersion = 10.0.40219.1
Project("{FAE04EC0-301F-11D3-BF4B-00C04F79EFBC}") = "CompanySampleDataImporter.Data", "CompanySampleDataImporter.Data\CompanySampleDataImporter.Data.csproj", "{72F24F79-31CE-4EAF-90BC-78911A755AC6}"
EndProject
Project("{FAE04EC0-301F-11D3-BF4B-00C04F79EFBC}") = "CompanySampleDataImporter.Importer", "CompanySampleDataImporter.Importer\CompanySampleDataImporter.Importer.csproj", "{1F05ED5A-67BA-4506-AA94-66D7B10D5C1E}"
EndProject
Global
	GlobalSection(SolutionConfigurationPlatforms) = preSolution
		Debug|Any CPU = Debug|Any CPU
		Release|Any CPU = Release|Any CPU
	EndGlobalSection
	GlobalSection(ProjectConfigurationPlatforms) = postSolution
		{72F24F79-31CE-4EAF-90BC-78911A755AC6}.Debug|Any CPU.ActiveCfg = Debug|Any CPU
		{72F24F79-31CE-4EAF-90BC-78911A755AC6}.Debug|Any CPU.Build.0 = Debug|Any CPU
		{72F24F79-31CE-4EAF-90BC-78911A755AC6}.Release|Any CPU.ActiveCfg = Release|Any CPU
		{72F24F79-31CE-4EAF-90BC-78911A755AC6}.Release|Any CPU.Build.0 = Release|Any CPU
		{1F05ED5A-67BA-4506-AA94-66D7B10D5C1E}.Debug|Any CPU.ActiveCfg = Debug|Any CPU
		{1F05ED5A-67BA-4506-AA94-66D7B10D5C1E}.Debug|Any CPU.Build.0 = Debug|Any CPU
		{1F05ED5A-67BA-4506-AA94-66D7B10D5C1E}.Release|Any CPU.ActiveCfg = Release|Any CPU
		{1F05ED5A-67BA-4506-AA94-66D7B10D5C1E}.Release|Any CPU.Build.0 = Release|Any CPU
	EndGlobalSection
	GlobalSection(SolutionProperties) = preSolution
		HideSolutionNode = FALSE
	EndGlobalSection
EndGlobal
